
Microsoft Visual Studio Solution File, Format Version 12.00
# Visual Studio Version 17
VisualStudioVersion = 17.3.32825.248
MinimumVisualStudioVersion = 10.0.40219.1
Project("{9A19103F-16F7-4668-BE54-9A1E7A4F7556}") = "MakeMeRoundly", "AlgorithmicTasks\MakeMeRoundly.csproj", "{D948B81F-E041-43D0-9E3A-B47159DF330B}"
EndProject
Project("{9A19103F-16F7-4668-BE54-9A1E7A4F7556}") = "ReduceAway", "ReduceAway\ReduceAway.csproj", "{5B3FDCE8-343F-4632-8081-A371EF23EB5A}"
EndProject
Project("{9A19103F-16F7-4668-BE54-9A1E7A4F7556}") = "RemoveToTwo", "RemoveToTwo\RemoveToTwo.csproj", "{BEE5B735-020C-4E95-96DD-D84D28BD9BD6}"
EndProject
Project("{9A19103F-16F7-4668-BE54-9A1E7A4F7556}") = "AlgorithmsTests", "AlgorithmsTests\AlgorithmsTests.csproj", "{6CC004D3-F397-42BD-95CC-735FC2F23AE8}"
EndProject
Project("{FAE04EC0-301F-11D3-BF4B-00C04F79EFBC}") = "LeaderBoard", "LeaderBoard\LeaderBoard.csproj", "{558A7C35-20D4-4046-86FF-2C6DC93F5238}"
EndProject
Global
	GlobalSection(SolutionConfigurationPlatforms) = preSolution
		Debug|Any CPU = Debug|Any CPU
		Release|Any CPU = Release|Any CPU
	EndGlobalSection
	GlobalSection(ProjectConfigurationPlatforms) = postSolution
		{D948B81F-E041-43D0-9E3A-B47159DF330B}.Debug|Any CPU.ActiveCfg = Debug|Any CPU
		{D948B81F-E041-43D0-9E3A-B47159DF330B}.Debug|Any CPU.Build.0 = Debug|Any CPU
		{D948B81F-E041-43D0-9E3A-B47159DF330B}.Release|Any CPU.ActiveCfg = Release|Any CPU
		{D948B81F-E041-43D0-9E3A-B47159DF330B}.Release|Any CPU.Build.0 = Release|Any CPU
		{5B3FDCE8-343F-4632-8081-A371EF23EB5A}.Debug|Any CPU.ActiveCfg = Debug|Any CPU
		{5B3FDCE8-343F-4632-8081-A371EF23EB5A}.Debug|Any CPU.Build.0 = Debug|Any CPU
		{5B3FDCE8-343F-4632-8081-A371EF23EB5A}.Release|Any CPU.ActiveCfg = Release|Any CPU
		{5B3FDCE8-343F-4632-8081-A371EF23EB5A}.Release|Any CPU.Build.0 = Release|Any CPU
		{BEE5B735-020C-4E95-96DD-D84D28BD9BD6}.Debug|Any CPU.ActiveCfg = Debug|Any CPU
		{BEE5B735-020C-4E95-96DD-D84D28BD9BD6}.Debug|Any CPU.Build.0 = Debug|Any CPU
		{BEE5B735-020C-4E95-96DD-D84D28BD9BD6}.Release|Any CPU.ActiveCfg = Release|Any CPU
		{BEE5B735-020C-4E95-96DD-D84D28BD9BD6}.Release|Any CPU.Build.0 = Release|Any CPU
		{6CC004D3-F397-42BD-95CC-735FC2F23AE8}.Debug|Any CPU.ActiveCfg = Debug|Any CPU
		{6CC004D3-F397-42BD-95CC-735FC2F23AE8}.Debug|Any CPU.Build.0 = Debug|Any CPU
		{6CC004D3-F397-42BD-95CC-735FC2F23AE8}.Release|Any CPU.ActiveCfg = Release|Any CPU
		{6CC004D3-F397-42BD-95CC-735FC2F23AE8}.Release|Any CPU.Build.0 = Release|Any CPU
		{558A7C35-20D4-4046-86FF-2C6DC93F5238}.Debug|Any CPU.ActiveCfg = Debug|Any CPU
		{558A7C35-20D4-4046-86FF-2C6DC93F5238}.Debug|Any CPU.Build.0 = Debug|Any CPU
		{558A7C35-20D4-4046-86FF-2C6DC93F5238}.Release|Any CPU.ActiveCfg = Release|Any CPU
		{558A7C35-20D4-4046-86FF-2C6DC93F5238}.Release|Any CPU.Build.0 = Release|Any CPU
	EndGlobalSection
	GlobalSection(SolutionProperties) = preSolution
		HideSolutionNode = FALSE
	EndGlobalSection
	GlobalSection(ExtensibilityGlobals) = postSolution
		SolutionGuid = {079DF346-A6BB-4EDA-85D8-628BA6F44287}
	EndGlobalSection
EndGlobal
